{
  "lockfileVersion": 1,
  "workspaces": {
    "": {
      "name": "storybook-benchmark",
      "dependencies": {
        "@clack/prompts": "1.0.0-alpha.6",
      },
      "devDependencies": {
        "@types/node": "^24.10.1",
        "typescript": "^5.0.0",
      },
    },
  },
  "packages": {
    "@clack/core": ["@clack/core@1.0.0-alpha.6", "", { "dependencies": { "picocolors": "^1.0.0", "sisteransi": "^1.0.5" } }, "sha512-eG5P45+oShFG17u9I1DJzLkXYB1hpUgTLi32EfsMjSHLEqJUR8BOBCVFkdbUX2g08eh/HCi6UxNGpPhaac1LAA=="],

    "@clack/prompts": ["@clack/prompts@1.0.0-alpha.6", "", { "dependencies": { "@clack/core": "1.0.0-alpha.6", "picocolors": "^1.0.0", "sisteransi": "^1.0.5" } }, "sha512-75NCtYOgDHVBE2nLdKPTDYOaESxO0GLAKC7INREp5VbS988Xua1u+588VaGlcvXiLc/kSwc25Cd+4PeTSpY6QQ=="],

    "@types/node": ["@types/node@24.10.1", "", { "dependencies": { "undici-types": "~7.16.0" } }, "sha512-GNWcUTRBgIRJD5zj+Tq0fKOJ5XZajIiBroOF0yvj2bSU1WvNdYS/dn9UxwsujGW4JX06dnHyjV2y9rRaybH0iQ=="],

    "picocolors": ["picocolors@1.1.1", "", {}, "sha512-xceH2snhtb5M9liqDsmEw56le376mTZkEX/jEb/RxNFyegNul7eNslCXP9FDj/Lcu0X8KEyMceP2ntpaHrDEVA=="],

    "sisteransi": ["sisteransi@1.0.5", "", {}, "sha512-bLGGlR1QxBcynn2d5YmDX4MGjlZvy2MRBDRNHLJ8VI6l6+9FUiyTFNJ0IveOSP0bcXgVDPRcfGqA0pjaqUpfVg=="],

    "typescript": ["typescript@5.9.3", "", { "bin": { "tsc": "bin/tsc", "tsserver": "bin/tsserver" } }, "sha512-jl1vZzPDinLr9eUt3J/t7V6FgNEw9QjvBPdysz9KfQDD41fQrC2Y4vKQdiaUpFT4bXlb1RHhLpp8wtm6M5TgSw=="],

    "undici-types": ["undici-types@7.16.0", "", {}, "sha512-Zz+aZWSj8LE6zoxD+xrjh4VfkIG8Ya6LvYkZqtUQGJPZjYl53ypCaUwWqo7eI0x66KBGeRo+mlBEkMSeSZ38Nw=="],
  }
}
